// !$*UTF8*$!
{
	archiveVersion = 1;
	classes = {
	};
	objectVersion = 50;
	objects = {

/* Begin PBXBuildFile section */
		34C2625022E1DF7500F79408 /* AppDelegate.swift in Sources */ = {isa = PBXBuildFile; fileRef = 34C2624F22E1DF7500F79408 /* AppDelegate.swift */; };
		34C2625222E1DF7500F79408 /* ViewController.swift in Sources */ = {isa = PBXBuildFile; fileRef = 34C2625122E1DF7500F79408 /* ViewController.swift */; };
		34C2625522E1DF7500F79408 /* Main.storyboard in Resources */ = {isa = PBXBuildFile; fileRef = 34C2625322E1DF7500F79408 /* Main.storyboard */; };
		34C2625722E1DF7700F79408 /* Assets.xcassets in Resources */ = {isa = PBXBuildFile; fileRef = 34C2625622E1DF7700F79408 /* Assets.xcassets */; };
		34C2625A22E1DF7700F79408 /* LaunchScreen.storyboard in Resources */ = {isa = PBXBuildFile; fileRef = 34C2625822E1DF7700F79408 /* LaunchScreen.storyboard */; };
		34C2626322E1E10800F79408 /* MainViewController.swift in Sources */ = {isa = PBXBuildFile; fileRef = 34C2626222E1E10800F79408 /* MainViewController.swift */; };
		34C2626522E1E13B00F79408 /* MainPresenter.swift in Sources */ = {isa = PBXBuildFile; fileRef = 34C2626422E1E13B00F79408 /* MainPresenter.swift */; };
		34C2626722E1E14800F79408 /* MainInteractor.swift in Sources */ = {isa = PBXBuildFile; fileRef = 34C2626622E1E14800F79408 /* MainInteractor.swift */; };
		34C2626922E1E15400F79408 /* MainRouter.swift in Sources */ = {isa = PBXBuildFile; fileRef = 34C2626822E1E15400F79408 /* MainRouter.swift */; };
		34C2626B22E1E16600F79408 /* MainProtocols.swift in Sources */ = {isa = PBXBuildFile; fileRef = 34C2626A22E1E16600F79408 /* MainProtocols.swift */; };
		34C2626E22E1E8B900F79408 /* Codables.swift in Sources */ = {isa = PBXBuildFile; fileRef = 34C2626D22E1E8B900F79408 /* Codables.swift */; };
		34C2627022E1F11B00F79408 /* FilmTableViewCell.swift in Sources */ = {isa = PBXBuildFile; fileRef = 34C2626F22E1F11B00F79408 /* FilmTableViewCell.swift */; };
		34C2627522E2477100F79408 /* DetailProtocols.swift in Sources */ = {isa = PBXBuildFile; fileRef = 34C2627422E2477100F79408 /* DetailProtocols.swift */; };
		34C2627722E2478200F79408 /* DetailInteractor.swift in Sources */ = {isa = PBXBuildFile; fileRef = 34C2627622E2478200F79408 /* DetailInteractor.swift */; };
		34C2627922E2479800F79408 /* DetailRouter.swift in Sources */ = {isa = PBXBuildFile; fileRef = 34C2627822E2479800F79408 /* DetailRouter.swift */; };
		34C2627B22E2496700F79408 /* DetailViewController.swift in Sources */ = {isa = PBXBuildFile; fileRef = 34C2627A22E2496700F79408 /* DetailViewController.swift */; };
		34C2627E22E24D5B00F79408 /* DetailPresenter.swift in Sources */ = {isa = PBXBuildFile; fileRef = 34C2627D22E24D5B00F79408 /* DetailPresenter.swift */; };
		34C2628222E5029D00F79408 /* FiveStarStack.swift in Sources */ = {isa = PBXBuildFile; fileRef = 34C2628122E5029D00F79408 /* FiveStarStack.swift */; };
/* End PBXBuildFile section */

/* Begin PBXFileReference section */
		34C2624C22E1DF7500F79408 /* DXCFilmFounder.app */ = {isa = PBXFileReference; explicitFileType = wrapper.application; includeInIndex = 0; path = DXCFilmFounder.app; sourceTree = BUILT_PRODUCTS_DIR; };
		34C2624F22E1DF7500F79408 /* AppDelegate.swift */ = {isa = PBXFileReference; lastKnownFileType = sourcecode.swift; path = AppDelegate.swift; sourceTree = "<group>"; };
		34C2625122E1DF7500F79408 /* ViewController.swift */ = {isa = PBXFileReference; lastKnownFileType = sourcecode.swift; path = ViewController.swift; sourceTree = "<group>"; };
		34C2625422E1DF7500F79408 /* Base */ = {isa = PBXFileReference; lastKnownFileType = file.storyboard; name = Base; path = Base.lproj/Main.storyboard; sourceTree = "<group>"; };
		34C2625622E1DF7700F79408 /* Assets.xcassets */ = {isa = PBXFileReference; lastKnownFileType = folder.assetcatalog; path = Assets.xcassets; sourceTree = "<group>"; };
		34C2625922E1DF7700F79408 /* Base */ = {isa = PBXFileReference; lastKnownFileType = file.storyboard; name = Base; path = Base.lproj/LaunchScreen.storyboard; sourceTree = "<group>"; };
		34C2625B22E1DF7700F79408 /* Info.plist */ = {isa = PBXFileReference; lastKnownFileType = text.plist.xml; path = Info.plist; sourceTree = "<group>"; };
		34C2626222E1E10800F79408 /* MainViewController.swift */ = {isa = PBXFileReference; lastKnownFileType = sourcecode.swift; path = MainViewController.swift; sourceTree = "<group>"; };
		34C2626422E1E13B00F79408 /* MainPresenter.swift */ = {isa = PBXFileReference; lastKnownFileType = sourcecode.swift; path = MainPresenter.swift; sourceTree = "<group>"; };
		34C2626622E1E14800F79408 /* MainInteractor.swift */ = {isa = PBXFileReference; lastKnownFileType = sourcecode.swift; path = MainInteractor.swift; sourceTree = "<group>"; };
		34C2626822E1E15400F79408 /* MainRouter.swift */ = {isa = PBXFileReference; lastKnownFileType = sourcecode.swift; path = MainRouter.swift; sourceTree = "<group>"; };
		34C2626A22E1E16600F79408 /* MainProtocols.swift */ = {isa = PBXFileReference; lastKnownFileType = sourcecode.swift; path = MainProtocols.swift; sourceTree = "<group>"; };
		34C2626D22E1E8B900F79408 /* Codables.swift */ = {isa = PBXFileReference; lastKnownFileType = sourcecode.swift; path = Codables.swift; sourceTree = "<group>"; };
		34C2626F22E1F11B00F79408 /* FilmTableViewCell.swift */ = {isa = PBXFileReference; lastKnownFileType = sourcecode.swift; path = FilmTableViewCell.swift; sourceTree = "<group>"; };
		34C2627422E2477100F79408 /* DetailProtocols.swift */ = {isa = PBXFileReference; lastKnownFileType = sourcecode.swift; path = DetailProtocols.swift; sourceTree = "<group>"; };
		34C2627622E2478200F79408 /* DetailInteractor.swift */ = {isa = PBXFileReference; lastKnownFileType = sourcecode.swift; path = DetailInteractor.swift; sourceTree = "<group>"; };
		34C2627822E2479800F79408 /* DetailRouter.swift */ = {isa = PBXFileReference; lastKnownFileType = sourcecode.swift; path = DetailRouter.swift; sourceTree = "<group>"; };
		34C2627A22E2496700F79408 /* DetailViewController.swift */ = {isa = PBXFileReference; lastKnownFileType = sourcecode.swift; path = DetailViewController.swift; sourceTree = "<group>"; };
		34C2627D22E24D5B00F79408 /* DetailPresenter.swift */ = {isa = PBXFileReference; lastKnownFileType = sourcecode.swift; path = DetailPresenter.swift; sourceTree = "<group>"; };
		34C2628122E5029D00F79408 /* FiveStarStack.swift */ = {isa = PBXFileReference; lastKnownFileType = sourcecode.swift; path = FiveStarStack.swift; sourceTree = "<group>"; };
/* End PBXFileReference section */

/* Begin PBXFrameworksBuildPhase section */
		34C2624922E1DF7500F79408 /* Frameworks */ = {
			isa = PBXFrameworksBuildPhase;
			buildActionMask = 2147483647;
			files = (
			);
			runOnlyForDeploymentPostprocessing = 0;
		};
/* End PBXFrameworksBuildPhase section */

/* Begin PBXGroup section */
		34C2624322E1DF7500F79408 = {
			isa = PBXGroup;
			children = (
				34C2624E22E1DF7500F79408 /* DXCFilmFounder */,
				34C2624D22E1DF7500F79408 /* Products */,
			);
			sourceTree = "<group>";
		};
		34C2624D22E1DF7500F79408 /* Products */ = {
			isa = PBXGroup;
			children = (
				34C2624C22E1DF7500F79408 /* DXCFilmFounder.app */,
			);
			name = Products;
			sourceTree = "<group>";
		};
		34C2624E22E1DF7500F79408 /* DXCFilmFounder */ = {
			isa = PBXGroup;
			children = (
				34C2624F22E1DF7500F79408 /* AppDelegate.swift */,
				34C2625122E1DF7500F79408 /* ViewController.swift */,
				34C2626122E1E0C500F79408 /* SearchModule */,
				34C2627122E246C400F79408 /* DetailModule */,
				34C2625322E1DF7500F79408 /* Main.storyboard */,
				34C2625622E1DF7700F79408 /* Assets.xcassets */,
				34C2625822E1DF7700F79408 /* LaunchScreen.storyboard */,
				34C2625B22E1DF7700F79408 /* Info.plist */,
			);
			path = DXCFilmFounder;
			sourceTree = "<group>";
		};
		34C2626122E1E0C500F79408 /* SearchModule */ = {
			isa = PBXGroup;
			children = (
				34C2626C22E1E89D00F79408 /* Classes */,
				34C2626A22E1E16600F79408 /* MainProtocols.swift */,
				34C2626222E1E10800F79408 /* MainViewController.swift */,
				34C2626422E1E13B00F79408 /* MainPresenter.swift */,
				34C2626622E1E14800F79408 /* MainInteractor.swift */,
				34C2626822E1E15400F79408 /* MainRouter.swift */,
			);
			path = SearchModule;
			sourceTree = "<group>";
		};
		34C2626C22E1E89D00F79408 /* Classes */ = {
			isa = PBXGroup;
			children = (
				34C2626D22E1E8B900F79408 /* Codables.swift */,
				34C2626F22E1F11B00F79408 /* FilmTableViewCell.swift */,
				34C2628122E5029D00F79408 /* FiveStarStack.swift */,
			);
			path = Classes;
			sourceTree = "<group>";
		};
		34C2627122E246C400F79408 /* DetailModule */ = {
			isa = PBXGroup;
			children = (
				34C2627422E2477100F79408 /* DetailProtocols.swift */,
				34C2627A22E2496700F79408 /* DetailViewController.swift */,
				34C2627D22E24D5B00F79408 /* DetailPresenter.swift */,
				34C2627622E2478200F79408 /* DetailInteractor.swift */,
				34C2627822E2479800F79408 /* DetailRouter.swift */,
			);
			path = DetailModule;
			sourceTree = "<group>";
		};
/* End PBXGroup section */

/* Begin PBXNativeTarget section */
		34C2624B22E1DF7500F79408 /* DXCFilmFounder */ = {
			isa = PBXNativeTarget;
			buildConfigurationList = 34C2625E22E1DF7700F79408 /* Build configuration list for PBXNativeTarget "DXCFilmFounder" */;
			buildPhases = (
				34C2624822E1DF7500F79408 /* Sources */,
				34C2624922E1DF7500F79408 /* Frameworks */,
				34C2624A22E1DF7500F79408 /* Resources */,
			);
			buildRules = (
			);
			dependencies = (
			);
			name = DXCFilmFounder;
			productName = DXCFilmFounder;
			productReference = 34C2624C22E1DF7500F79408 /* DXCFilmFounder.app */;
			productType = "com.apple.product-type.application";
		};
/* End PBXNativeTarget section */

/* Begin PBXProject section */
		34C2624422E1DF7500F79408 /* Project object */ = {
			isa = PBXProject;
			attributes = {
				LastSwiftUpdateCheck = 1020;
				LastUpgradeCheck = 1020;
				ORGANIZATIONNAME = "Lynx Developers";
				TargetAttributes = {
					34C2624B22E1DF7500F79408 = {
						CreatedOnToolsVersion = 10.2.1;
					};
				};
			};
			buildConfigurationList = 34C2624722E1DF7500F79408 /* Build configuration list for PBXProject "DXCFilmFounder" */;
			compatibilityVersion = "Xcode 9.3";
			developmentRegion = en;
			hasScannedForEncodings = 0;
			knownRegions = (
				en,
				Base,
			);
			mainGroup = 34C2624322E1DF7500F79408;
			productRefGroup = 34C2624D22E1DF7500F79408 /* Products */;
			projectDirPath = "";
			projectRoot = "";
			targets = (
				34C2624B22E1DF7500F79408 /* DXCFilmFounder */,
			);
		};
/* End PBXProject section */

/* Begin PBXResourcesBuildPhase section */
		34C2624A22E1DF7500F79408 /* Resources */ = {
			isa = PBXResourcesBuildPhase;
			buildActionMask = 2147483647;
			files = (
				34C2625A22E1DF7700F79408 /* LaunchScreen.storyboard in Resources */,
				34C2625722E1DF7700F79408 /* Assets.xcassets in Resources */,
				34C2625522E1DF7500F79408 /* Main.storyboard in Resources */,
			);
			runOnlyForDeploymentPostprocessing = 0;
		};
/* End PBXResourcesBuildPhase section */

/* Begin PBXSourcesBuildPhase section */
		34C2624822E1DF7500F79408 /* Sources */ = {
			isa = PBXSourcesBuildPhase;
			buildActionMask = 2147483647;
			files = (
				34C2627B22E2496700F79408 /* DetailViewController.swift in Sources */,
				34C2626322E1E10800F79408 /* MainViewController.swift in Sources */,
				34C2627522E2477100F79408 /* DetailProtocols.swift in Sources */,
				34C2625222E1DF7500F79408 /* ViewController.swift in Sources */,
				34C2627922E2479800F79408 /* DetailRouter.swift in Sources */,
				34C2628222E5029D00F79408 /* FiveStarStack.swift in Sources */,
				34C2627E22E24D5B00F79408 /* DetailPresenter.swift in Sources */,
				34C2627722E2478200F79408 /* DetailInteractor.swift in Sources */,
				34C2626B22E1E16600F79408 /* MainProtocols.swift in Sources */,
				34C2625022E1DF7500F79408 /* AppDelegate.swift in Sources */,
				34C2626722E1E14800F79408 /* MainInteractor.swift in Sources */,
				34C2626E22E1E8B900F79408 /* Codables.swift in Sources */,
				34C2627022E1F11B00F79408 /* FilmTableViewCell.swift in Sources */,
				34C2626522E1E13B00F79408 /* MainPresenter.swift in Sources */,
				34C2626922E1E15400F79408 /* MainRouter.swift in Sources */,
			);
			runOnlyForDeploymentPostprocessing = 0;
		};
/* End PBXSourcesBuildPhase section */

/* Begin PBXVariantGroup section */
		34C2625322E1DF7500F79408 /* Main.storyboard */ = {
			isa = PBXVariantGroup;
			children = (
				34C2625422E1DF7500F79408 /* Base */,
			);
			name = Main.storyboard;
			sourceTree = "<group>";
		};
		34C2625822E1DF7700F79408 /* LaunchScreen.storyboard */ = {
			isa = PBXVariantGroup;
			children = (
				34C2625922E1DF7700F79408 /* Base */,
			);
			name = LaunchScreen.storyboard;
			sourceTree = "<group>";
		};
/* End PBXVariantGroup section */

/* Begin XCBuildConfiguration section */
		34C2625C22E1DF7700F79408 /* Debug */ = {
			isa = XCBuildConfiguration;
			buildSettings = {
				ALWAYS_SEARCH_USER_PATHS = NO;
				CLANG_ANALYZER_NONNULL = YES;
				CLANG_ANALYZER_NUMBER_OBJECT_CONVERSION = YES_AGGRESSIVE;
				CLANG_CXX_LANGUAGE_STANDARD = "gnu++14";
				CLANG_CXX_LIBRARY = "libc++";
				CLANG_ENABLE_MODULES = YES;
				CLANG_ENABLE_OBJC_ARC = YES;
				CLANG_ENABLE_OBJC_WEAK = YES;
				CLANG_WARN_BLOCK_CAPTURE_AUTORELEASING = YES;
				CLANG_WARN_BOOL_CONVERSION = YES;
				CLANG_WARN_COMMA = YES;
				CLANG_WARN_CONSTANT_CONVERSION = YES;
				CLANG_WARN_DEPRECATED_OBJC_IMPLEMENTATIONS = YES;
				CLANG_WARN_DIRECT_OBJC_ISA_USAGE = YES_ERROR;
				CLANG_WARN_DOCUMENTATION_COMMENTS = YES;
				CLANG_WARN_EMPTY_BODY = YES;
				CLANG_WARN_ENUM_CONVERSION = YES;
				CLANG_WARN_INFINITE_RECURSION = YES;
				CLANG_WARN_INT_CONVERSION = YES;
				CLANG_WARN_NON_LITERAL_NULL_CONVERSION = YES;
				CLANG_WARN_OBJC_IMPLICIT_RETAIN_SELF = YES;
				CLANG_WARN_OBJC_LITERAL_CONVERSION = YES;
				CLANG_WARN_OBJC_ROOT_CLASS = YES_ERROR;
				CLANG_WARN_RANGE_LOOP_ANALYSIS = YES;
				CLANG_WARN_STRICT_PROTOTYPES = YES;
				CLANG_WARN_SUSPICIOUS_MOVE = YES;
				CLANG_WARN_UNGUARDED_AVAILABILITY = YES_AGGRESSIVE;
				CLANG_WARN_UNREACHABLE_CODE = YES;
				CLANG_WARN__DUPLICATE_METHOD_MATCH = YES;
				CODE_SIGN_IDENTITY = "iPhone Developer";
				COPY_PHASE_STRIP = NO;
				DEBUG_INFORMATION_FORMAT = dwarf;
				ENABLE_STRICT_OBJC_MSGSEND = YES;
				ENABLE_TESTABILITY = YES;
				GCC_C_LANGUAGE_STANDARD = gnu11;
				GCC_DYNAMIC_NO_PIC = NO;
				GCC_NO_COMMON_BLOCKS = YES;
				GCC_OPTIMIZATION_LEVEL = 0;
				GCC_PREPROCESSOR_DEFINITIONS = (
					"DEBUG=1",
					"$(inherited)",
				);
				GCC_WARN_64_TO_32_BIT_CONVERSION = YES;
				GCC_WARN_ABOUT_RETURN_TYPE = YES_ERROR;
				GCC_WARN_UNDECLARED_SELECTOR = YES;
				GCC_WARN_UNINITIALIZED_AUTOS = YES_AGGRESSIVE;
				GCC_WARN_UNUSED_FUNCTION = YES;
				GCC_WARN_UNUSED_VARIABLE = YES;
				IPHONEOS_DEPLOYMENT_TARGET = 12.2;
				MTL_ENABLE_DEBUG_INFO = INCLUDE_SOURCE;
				MTL_FAST_MATH = YES;
				ONLY_ACTIVE_ARCH = YES;
				SDKROOT = iphoneos;
				SWIFT_ACTIVE_COMPILATION_CONDITIONS = DEBUG;
				SWIFT_OPTIMIZATION_LEVEL = "-Onone";
			};
			name = Debug;
		};
		34C2625D22E1DF7700F79408 /* Release */ = {
			isa = XCBuildConfiguration;
			buildSettings = {
				ALWAYS_SEARCH_USER_PATHS = NO;
				CLANG_ANALYZER_NONNULL = YES;
				CLANG_ANALYZER_NUMBER_OBJECT_CONVERSION = YES_AGGRESSIVE;
				CLANG_CXX_LANGUAGE_STANDARD = "gnu++14";
				CLANG_CXX_LIBRARY = "libc++";
				CLANG_ENABLE_MODULES = YES;
				CLANG_ENABLE_OBJC_ARC = YES;
				CLANG_ENABLE_OBJC_WEAK = YES;
				CLANG_WARN_BLOCK_CAPTURE_AUTORELEASING = YES;
				CLANG_WARN_BOOL_CONVERSION = YES;
				CLANG_WARN_COMMA = YES;
				CLANG_WARN_CONSTANT_CONVERSION = YES;
				CLANG_WARN_DEPRECATED_OBJC_IMPLEMENTATIONS = YES;
				CLANG_WARN_DIRECT_OBJC_ISA_USAGE = YES_ERROR;
				CLANG_WARN_DOCUMENTATION_COMMENTS = YES;
				CLANG_WARN_EMPTY_BODY = YES;
				CLANG_WARN_ENUM_CONVERSION = YES;
				CLANG_WARN_INFINITE_RECURSION = YES;
				CLANG_WARN_INT_CONVERSION = YES;
				CLANG_WARN_NON_LITERAL_NULL_CONVERSION = YES;
				CLANG_WARN_OBJC_IMPLICIT_RETAIN_SELF = YES;
				CLANG_WARN_OBJC_LITERAL_CONVERSION = YES;
				CLANG_WARN_OBJC_ROOT_CLASS = YES_ERROR;
				CLANG_WARN_RANGE_LOOP_ANALYSIS = YES;
				CLANG_WARN_STRICT_PROTOTYPES = YES;
				CLANG_WARN_SUSPICIOUS_MOVE = YES;
				CLANG_WARN_UNGUARDED_AVAILABILITY = YES_AGGRESSIVE;
				CLANG_WARN_UNREACHABLE_CODE = YES;
				CLANG_WARN__DUPLICATE_METHOD_MATCH = YES;
				CODE_SIGN_IDENTITY = "iPhone Developer";
				COPY_PHASE_STRIP = NO;
				DEBUG_INFORMATION_FORMAT = "dwarf-with-dsym";
				ENABLE_NS_ASSERTIONS = NO;
				ENABLE_STRICT_OBJC_MSGSEND = YES;
				GCC_C_LANGUAGE_STANDARD = gnu11;
				GCC_NO_COMMON_BLOCKS = YES;
				GCC_WARN_64_TO_32_BIT_CONVERSION = YES;
				GCC_WARN_ABOUT_RETURN_TYPE = YES_ERROR;
				GCC_WARN_UNDECLARED_SELECTOR = YES;
				GCC_WARN_UNINITIALIZED_AUTOS = YES_AGGRESSIVE;
				GCC_WARN_UNUSED_FUNCTION = YES;
				GCC_WARN_UNUSED_VARIABLE = YES;
				IPHONEOS_DEPLOYMENT_TARGET = 12.2;
				MTL_ENABLE_DEBUG_INFO = NO;
				MTL_FAST_MATH = YES;
				SDKROOT = iphoneos;
				SWIFT_COMPILATION_MODE = wholemodule;
				SWIFT_OPTIMIZATION_LEVEL = "-O";
				VALIDATE_PRODUCT = YES;
			};
			name = Release;
		};
		34C2625F22E1DF7700F79408 /* Debug */ = {
			isa = XCBuildConfiguration;
			buildSettings = {
				ASSETCATALOG_COMPILER_APPICON_NAME = AppIcon;
				CODE_SIGN_STYLE = Automatic;
				DEVELOPMENT_TEAM = A24EY6XQJ9;
				INFOPLIST_FILE = DXCFilmFounder/Info.plist;
				LD_RUNPATH_SEARCH_PATHS = (
					"$(inherited)",
					"@executable_path/Frameworks",
				);
				PRODUCT_BUNDLE_IDENTIFIER = info.educalero.DXCFilmFounder;
				PRODUCT_NAME = "$(TARGET_NAME)";
				SWIFT_VERSION = 5.0;
				TARGETED_DEVICE_FAMILY = "1,2";
			};
			name = Debug;
		};
		34C2626022E1DF7700F79408 /* Release */ = {
			isa = XCBuildConfiguration;
			buildSettings = {
				ASSETCATALOG_COMPILER_APPICON_NAME = AppIcon;
				CODE_SIGN_STYLE = Automatic;
				DEVELOPMENT_TEAM = A24EY6XQJ9;
				INFOPLIST_FILE = DXCFilmFounder/Info.plist;
				LD_RUNPATH_SEARCH_PATHS = (
					"$(inherited)",
					"@executable_path/Frameworks",
				);
				PRODUCT_BUNDLE_IDENTIFIER = info.educalero.DXCFilmFounder;
				PRODUCT_NAME = "$(TARGET_NAME)";
				SWIFT_VERSION = 5.0;
				TARGETED_DEVICE_FAMILY = "1,2";
			};
			name = Release;
		};
/* End XCBuildConfiguration section */

/* Begin XCConfigurationList section */
		34C2624722E1DF7500F79408 /* Build configuration list for PBXProject "DXCFilmFounder" */ = {
			isa = XCConfigurationList;
			buildConfigurations = (
				34C2625C22E1DF7700F79408 /* Debug */,
				34C2625D22E1DF7700F79408 /* Release */,
			);
			defaultConfigurationIsVisible = 0;
			defaultConfigurationName = Release;
		};
		34C2625E22E1DF7700F79408 /* Build configuration list for PBXNativeTarget "DXCFilmFounder" */ = {
			isa = XCConfigurationList;
			buildConfigurations = (
				34C2625F22E1DF7700F79408 /* Debug */,
				34C2626022E1DF7700F79408 /* Release */,
			);
			defaultConfigurationIsVisible = 0;
			defaultConfigurationName = Release;
		};
/* End XCConfigurationList section */
	};
	rootObject = 34C2624422E1DF7500F79408 /* Project object */;
}
