// !$*UTF8*$!
{
	archiveVersion = 1;
	classes = {
	};
	objectVersion = 50;
	objects = {

/* Begin PBXBuildFile section */
		34C2625022E1DF7500F79408 /* AppDelegate.swift in Sources */ = {isa = PBXBuildFile; fileRef = 34C2624F22E1DF7500F79408 /* AppDelegate.swift */; };
		34C2625522E1DF7500F79408 /* Main.storyboard in Resources */ = {isa = PBXBuildFile; fileRef = 34C2625322E1DF7500F79408 /* Main.storyboard */; };
		34C2625722E1DF7700F79408 /* Assets.xcassets in Resources */ = {isa = PBXBuildFile; fileRef = 34C2625622E1DF7700F79408 /* Assets.xcassets */; };
		34C2625A22E1DF7700F79408 /* LaunchScreen.storyboard in Resources */ = {isa = PBXBuildFile; fileRef = 34C2625822E1DF7700F79408 /* LaunchScreen.storyboard */; };
		34C2627522E2477100F79408 /* DetailProtocols.swift in Sources */ = {isa = PBXBuildFile; fileRef = 34C2627422E2477100F79408 /* DetailProtocols.swift */; };
		34C2627722E2478200F79408 /* DetailInteractor.swift in Sources */ = {isa = PBXBuildFile; fileRef = 34C2627622E2478200F79408 /* DetailInteractor.swift */; };
		34C2627922E2479800F79408 /* DetailRouter.swift in Sources */ = {isa = PBXBuildFile; fileRef = 34C2627822E2479800F79408 /* DetailRouter.swift */; };
		34C2627B22E2496700F79408 /* DetailViewController.swift in Sources */ = {isa = PBXBuildFile; fileRef = 34C2627A22E2496700F79408 /* DetailViewController.swift */; };
		34C2627E22E24D5B00F79408 /* DetailPresenter.swift in Sources */ = {isa = PBXBuildFile; fileRef = 34C2627D22E24D5B00F79408 /* DetailPresenter.swift */; };
		F2010911262B2D7700BD2806 /* SF-Pro.ttf in Resources */ = {isa = PBXBuildFile; fileRef = F20108FE262B2D7700BD2806 /* SF-Pro.ttf */; };
		F2010912262B2D7700BD2806 /* SF-Pro-Text-UltralightItalic.otf in Resources */ = {isa = PBXBuildFile; fileRef = F20108FF262B2D7700BD2806 /* SF-Pro-Text-UltralightItalic.otf */; };
		F2010913262B2D7700BD2806 /* SF-Pro-Text-Heavy.otf in Resources */ = {isa = PBXBuildFile; fileRef = F2010900262B2D7700BD2806 /* SF-Pro-Text-Heavy.otf */; };
		F2010914262B2D7700BD2806 /* SF-Pro-Text-MediumItalic.otf in Resources */ = {isa = PBXBuildFile; fileRef = F2010901262B2D7700BD2806 /* SF-Pro-Text-MediumItalic.otf */; };
		F2010915262B2D7700BD2806 /* SF-Pro-Text-Light.otf in Resources */ = {isa = PBXBuildFile; fileRef = F2010902262B2D7700BD2806 /* SF-Pro-Text-Light.otf */; };
		F2010916262B2D7700BD2806 /* SF-Pro-Text-BlackItalic.otf in Resources */ = {isa = PBXBuildFile; fileRef = F2010903262B2D7700BD2806 /* SF-Pro-Text-BlackItalic.otf */; };
		F2010917262B2D7700BD2806 /* SF-Pro-Text-Black.otf in Resources */ = {isa = PBXBuildFile; fileRef = F2010904262B2D7700BD2806 /* SF-Pro-Text-Black.otf */; };
		F2010918262B2D7700BD2806 /* SF-Pro-Text-Regular.otf in Resources */ = {isa = PBXBuildFile; fileRef = F2010905262B2D7700BD2806 /* SF-Pro-Text-Regular.otf */; };
		F2010919262B2D7700BD2806 /* SF-Pro-Text-Ultralight.otf in Resources */ = {isa = PBXBuildFile; fileRef = F2010906262B2D7700BD2806 /* SF-Pro-Text-Ultralight.otf */; };
		F201091A262B2D7700BD2806 /* SF-Pro-Text-Bold.otf in Resources */ = {isa = PBXBuildFile; fileRef = F2010907262B2D7700BD2806 /* SF-Pro-Text-Bold.otf */; };
		F201091B262B2D7700BD2806 /* SF-Pro-Text-Thin.otf in Resources */ = {isa = PBXBuildFile; fileRef = F2010908262B2D7700BD2806 /* SF-Pro-Text-Thin.otf */; };
		F201091C262B2D7700BD2806 /* SF-Pro-Text-ThinItalic.otf in Resources */ = {isa = PBXBuildFile; fileRef = F2010909262B2D7700BD2806 /* SF-Pro-Text-ThinItalic.otf */; };
		F201091D262B2D7700BD2806 /* SF-Pro-Text-BoldItalic.otf in Resources */ = {isa = PBXBuildFile; fileRef = F201090A262B2D7700BD2806 /* SF-Pro-Text-BoldItalic.otf */; };
		F201091E262B2D7700BD2806 /* SF-Pro-Text-RegularItalic.otf in Resources */ = {isa = PBXBuildFile; fileRef = F201090B262B2D7700BD2806 /* SF-Pro-Text-RegularItalic.otf */; };
		F201091F262B2D7700BD2806 /* SF-Pro-Text-Semibold.otf in Resources */ = {isa = PBXBuildFile; fileRef = F201090C262B2D7700BD2806 /* SF-Pro-Text-Semibold.otf */; };
		F2010920262B2D7700BD2806 /* SF-Pro-Text-HeavyItalic.otf in Resources */ = {isa = PBXBuildFile; fileRef = F201090D262B2D7700BD2806 /* SF-Pro-Text-HeavyItalic.otf */; };
		F2010921262B2D7700BD2806 /* SF-Pro-Text-LightItalic.otf in Resources */ = {isa = PBXBuildFile; fileRef = F201090E262B2D7700BD2806 /* SF-Pro-Text-LightItalic.otf */; };
		F2010922262B2D7700BD2806 /* SF-Pro-Text-Medium.otf in Resources */ = {isa = PBXBuildFile; fileRef = F201090F262B2D7700BD2806 /* SF-Pro-Text-Medium.otf */; };
		F2010923262B2D7700BD2806 /* SF-Pro-Text-SemiboldItalic.otf in Resources */ = {isa = PBXBuildFile; fileRef = F2010910262B2D7700BD2806 /* SF-Pro-Text-SemiboldItalic.otf */; };
		F2010957262C8DDC00BD2806 /* DataController.swift in Sources */ = {isa = PBXBuildFile; fileRef = F2010956262C8DDC00BD2806 /* DataController.swift */; };
		F2010966262CB0A700BD2806 /* MoviesStorage.xcdatamodeld in Sources */ = {isa = PBXBuildFile; fileRef = F2010964262CB0A700BD2806 /* MoviesStorage.xcdatamodeld */; };
		F2C39E96262D604D00F15770 /* MainViewProtocols.swift in Sources */ = {isa = PBXBuildFile; fileRef = F2C39E83262D604D00F15770 /* MainViewProtocols.swift */; };
		F2C39E97262D604D00F15770 /* LoadingTableViewCell.swift in Sources */ = {isa = PBXBuildFile; fileRef = F2C39E85262D604D00F15770 /* LoadingTableViewCell.swift */; };
		F2C39E98262D604D00F15770 /* MovieTableViewCell.swift in Sources */ = {isa = PBXBuildFile; fileRef = F2C39E86262D604D00F15770 /* MovieTableViewCell.swift */; };
		F2C39E99262D604D00F15770 /* SpinneableProtocol.swift in Sources */ = {isa = PBXBuildFile; fileRef = F2C39E87262D604D00F15770 /* SpinneableProtocol.swift */; };
		F2C39E9A262D604D00F15770 /* MainViewController.swift in Sources */ = {isa = PBXBuildFile; fileRef = F2C39E88262D604D00F15770 /* MainViewController.swift */; };
		F2C39E9B262D604D00F15770 /* MainInteractor.swift in Sources */ = {isa = PBXBuildFile; fileRef = F2C39E89262D604D00F15770 /* MainInteractor.swift */; };
		F2C39E9C262D604D00F15770 /* MainPresenter.swift in Sources */ = {isa = PBXBuildFile; fileRef = F2C39E8A262D604D00F15770 /* MainPresenter.swift */; };
		F2C39E9D262D604D00F15770 /* LocalStoragreDataManager.swift in Sources */ = {isa = PBXBuildFile; fileRef = F2C39E8B262D604D00F15770 /* LocalStoragreDataManager.swift */; };
		F2C39E9E262D604D00F15770 /* APIDataManager.swift in Sources */ = {isa = PBXBuildFile; fileRef = F2C39E8C262D604D00F15770 /* APIDataManager.swift */; };
		F2C39E9F262D604D00F15770 /* Utils.swift in Sources */ = {isa = PBXBuildFile; fileRef = F2C39E8E262D604D00F15770 /* Utils.swift */; };
		F2C39EA0262D604D00F15770 /* MovieModel.swift in Sources */ = {isa = PBXBuildFile; fileRef = F2C39E90262D604D00F15770 /* MovieModel.swift */; };
		F2C39EA1262D604D00F15770 /* ResultsModel.swift in Sources */ = {isa = PBXBuildFile; fileRef = F2C39E91262D604D00F15770 /* ResultsModel.swift */; };
		F2C39EA2262D604D00F15770 /* URLSession+Extensions.swift in Sources */ = {isa = PBXBuildFile; fileRef = F2C39E93262D604D00F15770 /* URLSession+Extensions.swift */; };
		F2C39EA3262D604D00F15770 /* MainRouter.swift in Sources */ = {isa = PBXBuildFile; fileRef = F2C39E94262D604D00F15770 /* MainRouter.swift */; };
/* End PBXBuildFile section */

/* Begin PBXFileReference section */
		34C2624C22E1DF7500F79408 /* DXCFilmFounder.app */ = {isa = PBXFileReference; explicitFileType = wrapper.application; includeInIndex = 0; path = DXCFilmFounder.app; sourceTree = BUILT_PRODUCTS_DIR; };
		34C2624F22E1DF7500F79408 /* AppDelegate.swift */ = {isa = PBXFileReference; lastKnownFileType = sourcecode.swift; path = AppDelegate.swift; sourceTree = "<group>"; };
		34C2625422E1DF7500F79408 /* Base */ = {isa = PBXFileReference; lastKnownFileType = file.storyboard; name = Base; path = Base.lproj/Main.storyboard; sourceTree = "<group>"; };
		34C2625622E1DF7700F79408 /* Assets.xcassets */ = {isa = PBXFileReference; lastKnownFileType = folder.assetcatalog; path = Assets.xcassets; sourceTree = "<group>"; };
		34C2625922E1DF7700F79408 /* Base */ = {isa = PBXFileReference; lastKnownFileType = file.storyboard; name = Base; path = Base.lproj/LaunchScreen.storyboard; sourceTree = "<group>"; };
		34C2625B22E1DF7700F79408 /* Info.plist */ = {isa = PBXFileReference; lastKnownFileType = text.plist.xml; path = Info.plist; sourceTree = "<group>"; };
		34C2627422E2477100F79408 /* DetailProtocols.swift */ = {isa = PBXFileReference; lastKnownFileType = sourcecode.swift; path = DetailProtocols.swift; sourceTree = "<group>"; };
		34C2627622E2478200F79408 /* DetailInteractor.swift */ = {isa = PBXFileReference; lastKnownFileType = sourcecode.swift; path = DetailInteractor.swift; sourceTree = "<group>"; };
		34C2627822E2479800F79408 /* DetailRouter.swift */ = {isa = PBXFileReference; lastKnownFileType = sourcecode.swift; path = DetailRouter.swift; sourceTree = "<group>"; };
		34C2627A22E2496700F79408 /* DetailViewController.swift */ = {isa = PBXFileReference; lastKnownFileType = sourcecode.swift; path = DetailViewController.swift; sourceTree = "<group>"; };
		34C2627D22E24D5B00F79408 /* DetailPresenter.swift */ = {isa = PBXFileReference; lastKnownFileType = sourcecode.swift; path = DetailPresenter.swift; sourceTree = "<group>"; };
		F20108FE262B2D7700BD2806 /* SF-Pro.ttf */ = {isa = PBXFileReference; lastKnownFileType = file; path = "SF-Pro.ttf"; sourceTree = "<group>"; };
		F20108FF262B2D7700BD2806 /* SF-Pro-Text-UltralightItalic.otf */ = {isa = PBXFileReference; lastKnownFileType = file; path = "SF-Pro-Text-UltralightItalic.otf"; sourceTree = "<group>"; };
		F2010900262B2D7700BD2806 /* SF-Pro-Text-Heavy.otf */ = {isa = PBXFileReference; lastKnownFileType = file; path = "SF-Pro-Text-Heavy.otf"; sourceTree = "<group>"; };
		F2010901262B2D7700BD2806 /* SF-Pro-Text-MediumItalic.otf */ = {isa = PBXFileReference; lastKnownFileType = file; path = "SF-Pro-Text-MediumItalic.otf"; sourceTree = "<group>"; };
		F2010902262B2D7700BD2806 /* SF-Pro-Text-Light.otf */ = {isa = PBXFileReference; lastKnownFileType = file; path = "SF-Pro-Text-Light.otf"; sourceTree = "<group>"; };
		F2010903262B2D7700BD2806 /* SF-Pro-Text-BlackItalic.otf */ = {isa = PBXFileReference; lastKnownFileType = file; path = "SF-Pro-Text-BlackItalic.otf"; sourceTree = "<group>"; };
		F2010904262B2D7700BD2806 /* SF-Pro-Text-Black.otf */ = {isa = PBXFileReference; lastKnownFileType = file; path = "SF-Pro-Text-Black.otf"; sourceTree = "<group>"; };
		F2010905262B2D7700BD2806 /* SF-Pro-Text-Regular.otf */ = {isa = PBXFileReference; lastKnownFileType = file; path = "SF-Pro-Text-Regular.otf"; sourceTree = "<group>"; };
		F2010906262B2D7700BD2806 /* SF-Pro-Text-Ultralight.otf */ = {isa = PBXFileReference; lastKnownFileType = file; path = "SF-Pro-Text-Ultralight.otf"; sourceTree = "<group>"; };
		F2010907262B2D7700BD2806 /* SF-Pro-Text-Bold.otf */ = {isa = PBXFileReference; lastKnownFileType = file; path = "SF-Pro-Text-Bold.otf"; sourceTree = "<group>"; };
		F2010908262B2D7700BD2806 /* SF-Pro-Text-Thin.otf */ = {isa = PBXFileReference; lastKnownFileType = file; path = "SF-Pro-Text-Thin.otf"; sourceTree = "<group>"; };
		F2010909262B2D7700BD2806 /* SF-Pro-Text-ThinItalic.otf */ = {isa = PBXFileReference; lastKnownFileType = file; path = "SF-Pro-Text-ThinItalic.otf"; sourceTree = "<group>"; };
		F201090A262B2D7700BD2806 /* SF-Pro-Text-BoldItalic.otf */ = {isa = PBXFileReference; lastKnownFileType = file; path = "SF-Pro-Text-BoldItalic.otf"; sourceTree = "<group>"; };
		F201090B262B2D7700BD2806 /* SF-Pro-Text-RegularItalic.otf */ = {isa = PBXFileReference; lastKnownFileType = file; path = "SF-Pro-Text-RegularItalic.otf"; sourceTree = "<group>"; };
		F201090C262B2D7700BD2806 /* SF-Pro-Text-Semibold.otf */ = {isa = PBXFileReference; lastKnownFileType = file; path = "SF-Pro-Text-Semibold.otf"; sourceTree = "<group>"; };
		F201090D262B2D7700BD2806 /* SF-Pro-Text-HeavyItalic.otf */ = {isa = PBXFileReference; lastKnownFileType = file; path = "SF-Pro-Text-HeavyItalic.otf"; sourceTree = "<group>"; };
		F201090E262B2D7700BD2806 /* SF-Pro-Text-LightItalic.otf */ = {isa = PBXFileReference; lastKnownFileType = file; path = "SF-Pro-Text-LightItalic.otf"; sourceTree = "<group>"; };
		F201090F262B2D7700BD2806 /* SF-Pro-Text-Medium.otf */ = {isa = PBXFileReference; lastKnownFileType = file; path = "SF-Pro-Text-Medium.otf"; sourceTree = "<group>"; };
		F2010910262B2D7700BD2806 /* SF-Pro-Text-SemiboldItalic.otf */ = {isa = PBXFileReference; lastKnownFileType = file; path = "SF-Pro-Text-SemiboldItalic.otf"; sourceTree = "<group>"; };
		F2010939262B2FC700BD2806 /* SF-Pro-Display-SemiboldItalic.otf */ = {isa = PBXFileReference; lastKnownFileType = file; path = "SF-Pro-Display-SemiboldItalic.otf"; sourceTree = "<group>"; };
		F201093A262B2FC700BD2806 /* SF-Pro-Display-Bold.otf */ = {isa = PBXFileReference; lastKnownFileType = file; path = "SF-Pro-Display-Bold.otf"; sourceTree = "<group>"; };
		F201093B262B2FC700BD2806 /* SF-Pro-Display-Thin.otf */ = {isa = PBXFileReference; lastKnownFileType = file; path = "SF-Pro-Display-Thin.otf"; sourceTree = "<group>"; };
		F201093C262B2FC700BD2806 /* SF-Pro-Display-Heavy.otf */ = {isa = PBXFileReference; lastKnownFileType = file; path = "SF-Pro-Display-Heavy.otf"; sourceTree = "<group>"; };
		F201093D262B2FC700BD2806 /* SF-Pro-Display-Light.otf */ = {isa = PBXFileReference; lastKnownFileType = file; path = "SF-Pro-Display-Light.otf"; sourceTree = "<group>"; };
		F201093E262B2FC800BD2806 /* SF-Pro-Display-RegularItalic.otf */ = {isa = PBXFileReference; lastKnownFileType = file; path = "SF-Pro-Display-RegularItalic.otf"; sourceTree = "<group>"; };
		F201093F262B2FC800BD2806 /* SF-Pro-Display-BlackItalic.otf */ = {isa = PBXFileReference; lastKnownFileType = file; path = "SF-Pro-Display-BlackItalic.otf"; sourceTree = "<group>"; };
		F2010940262B2FC800BD2806 /* SF-Pro-Display-Ultralight.otf */ = {isa = PBXFileReference; lastKnownFileType = file; path = "SF-Pro-Display-Ultralight.otf"; sourceTree = "<group>"; };
		F2010941262B2FC800BD2806 /* SF-Pro-Display-BoldItalic.otf */ = {isa = PBXFileReference; lastKnownFileType = file; path = "SF-Pro-Display-BoldItalic.otf"; sourceTree = "<group>"; };
		F2010942262B2FC800BD2806 /* SF-Pro-Display-Regular.otf */ = {isa = PBXFileReference; lastKnownFileType = file; path = "SF-Pro-Display-Regular.otf"; sourceTree = "<group>"; };
		F2010943262B2FC800BD2806 /* SF-Pro-Display-ThinItalic.otf */ = {isa = PBXFileReference; lastKnownFileType = file; path = "SF-Pro-Display-ThinItalic.otf"; sourceTree = "<group>"; };
		F2010944262B2FC900BD2806 /* SF-Pro-Display-MediumItalic.otf */ = {isa = PBXFileReference; lastKnownFileType = file; path = "SF-Pro-Display-MediumItalic.otf"; sourceTree = "<group>"; };
		F2010945262B2FC900BD2806 /* SF-Pro-Display-LightItalic.otf */ = {isa = PBXFileReference; lastKnownFileType = file; path = "SF-Pro-Display-LightItalic.otf"; sourceTree = "<group>"; };
		F2010946262B2FC900BD2806 /* SF-Pro-Display-UltralightItalic.otf */ = {isa = PBXFileReference; lastKnownFileType = file; path = "SF-Pro-Display-UltralightItalic.otf"; sourceTree = "<group>"; };
		F2010947262B2FC900BD2806 /* SF-Pro-Display-Medium.otf */ = {isa = PBXFileReference; lastKnownFileType = file; path = "SF-Pro-Display-Medium.otf"; sourceTree = "<group>"; };
		F2010948262B2FC900BD2806 /* SF-Pro-Display-HeavyItalic.otf */ = {isa = PBXFileReference; lastKnownFileType = file; path = "SF-Pro-Display-HeavyItalic.otf"; sourceTree = "<group>"; };
		F2010949262B2FC900BD2806 /* SF-Pro-Display-Black.otf */ = {isa = PBXFileReference; lastKnownFileType = file; path = "SF-Pro-Display-Black.otf"; sourceTree = "<group>"; };
		F201094A262B2FCA00BD2806 /* SF-Pro-Display-Semibold.otf */ = {isa = PBXFileReference; lastKnownFileType = file; path = "SF-Pro-Display-Semibold.otf"; sourceTree = "<group>"; };
		F2010956262C8DDC00BD2806 /* DataController.swift */ = {isa = PBXFileReference; lastKnownFileType = sourcecode.swift; path = DataController.swift; sourceTree = "<group>"; };
		F2010965262CB0A700BD2806 /* MoviesStorage.xcdatamodel */ = {isa = PBXFileReference; lastKnownFileType = wrapper.xcdatamodel; path = MoviesStorage.xcdatamodel; sourceTree = "<group>"; };
		F2C39E83262D604D00F15770 /* MainViewProtocols.swift */ = {isa = PBXFileReference; fileEncoding = 4; lastKnownFileType = sourcecode.swift; path = MainViewProtocols.swift; sourceTree = "<group>"; };
		F2C39E85262D604D00F15770 /* LoadingTableViewCell.swift */ = {isa = PBXFileReference; fileEncoding = 4; lastKnownFileType = sourcecode.swift; path = LoadingTableViewCell.swift; sourceTree = "<group>"; };
		F2C39E86262D604D00F15770 /* MovieTableViewCell.swift */ = {isa = PBXFileReference; fileEncoding = 4; lastKnownFileType = sourcecode.swift; path = MovieTableViewCell.swift; sourceTree = "<group>"; };
		F2C39E87262D604D00F15770 /* SpinneableProtocol.swift */ = {isa = PBXFileReference; fileEncoding = 4; lastKnownFileType = sourcecode.swift; path = SpinneableProtocol.swift; sourceTree = "<group>"; };
		F2C39E88262D604D00F15770 /* MainViewController.swift */ = {isa = PBXFileReference; fileEncoding = 4; lastKnownFileType = sourcecode.swift; path = MainViewController.swift; sourceTree = "<group>"; };
		F2C39E89262D604D00F15770 /* MainInteractor.swift */ = {isa = PBXFileReference; fileEncoding = 4; lastKnownFileType = sourcecode.swift; path = MainInteractor.swift; sourceTree = "<group>"; };
		F2C39E8A262D604D00F15770 /* MainPresenter.swift */ = {isa = PBXFileReference; fileEncoding = 4; lastKnownFileType = sourcecode.swift; path = MainPresenter.swift; sourceTree = "<group>"; };
		F2C39E8B262D604D00F15770 /* LocalStoragreDataManager.swift */ = {isa = PBXFileReference; fileEncoding = 4; lastKnownFileType = sourcecode.swift; path = LocalStoragreDataManager.swift; sourceTree = "<group>"; };
		F2C39E8C262D604D00F15770 /* APIDataManager.swift */ = {isa = PBXFileReference; fileEncoding = 4; lastKnownFileType = sourcecode.swift; path = APIDataManager.swift; sourceTree = "<group>"; };
		F2C39E8E262D604D00F15770 /* Utils.swift */ = {isa = PBXFileReference; fileEncoding = 4; lastKnownFileType = sourcecode.swift; path = Utils.swift; sourceTree = "<group>"; };
		F2C39E90262D604D00F15770 /* MovieModel.swift */ = {isa = PBXFileReference; fileEncoding = 4; lastKnownFileType = sourcecode.swift; path = MovieModel.swift; sourceTree = "<group>"; };
		F2C39E91262D604D00F15770 /* ResultsModel.swift */ = {isa = PBXFileReference; fileEncoding = 4; lastKnownFileType = sourcecode.swift; path = ResultsModel.swift; sourceTree = "<group>"; };
		F2C39E93262D604D00F15770 /* URLSession+Extensions.swift */ = {isa = PBXFileReference; fileEncoding = 4; lastKnownFileType = sourcecode.swift; path = "URLSession+Extensions.swift"; sourceTree = "<group>"; };
		F2C39E94262D604D00F15770 /* MainRouter.swift */ = {isa = PBXFileReference; fileEncoding = 4; lastKnownFileType = sourcecode.swift; path = MainRouter.swift; sourceTree = "<group>"; };
/* End PBXFileReference section */

/* Begin PBXFrameworksBuildPhase section */
		34C2624922E1DF7500F79408 /* Frameworks */ = {
			isa = PBXFrameworksBuildPhase;
			buildActionMask = 2147483647;
			files = (
			);
			runOnlyForDeploymentPostprocessing = 0;
		};
/* End PBXFrameworksBuildPhase section */

/* Begin PBXGroup section */
		34C2624322E1DF7500F79408 = {
			isa = PBXGroup;
			children = (
				34C2624E22E1DF7500F79408 /* DXCFilmFounder */,
				34C2624D22E1DF7500F79408 /* Products */,
			);
			sourceTree = "<group>";
		};
		34C2624D22E1DF7500F79408 /* Products */ = {
			isa = PBXGroup;
			children = (
				34C2624C22E1DF7500F79408 /* DXCFilmFounder.app */,
			);
			name = Products;
			sourceTree = "<group>";
		};
		34C2624E22E1DF7500F79408 /* DXCFilmFounder */ = {
			isa = PBXGroup;
			children = (
				34C2624F22E1DF7500F79408 /* AppDelegate.swift */,
				F2010956262C8DDC00BD2806 /* DataController.swift */,
				F2010964262CB0A700BD2806 /* MoviesStorage.xcdatamodeld */,
				F2C39E82262D604D00F15770 /* MainViewModule */,
				34C2627122E246C400F79408 /* DetailModule */,
				F20108FD262B2D7700BD2806 /* Fonts */,
				34C2625322E1DF7500F79408 /* Main.storyboard */,
				34C2625622E1DF7700F79408 /* Assets.xcassets */,
				34C2625822E1DF7700F79408 /* LaunchScreen.storyboard */,
				34C2625B22E1DF7700F79408 /* Info.plist */,
			);
			path = DXCFilmFounder;
			sourceTree = "<group>";
		};
		34C2627122E246C400F79408 /* DetailModule */ = {
			isa = PBXGroup;
			children = (
				34C2627422E2477100F79408 /* DetailProtocols.swift */,
				34C2627A22E2496700F79408 /* DetailViewController.swift */,
				34C2627D22E24D5B00F79408 /* DetailPresenter.swift */,
				34C2627622E2478200F79408 /* DetailInteractor.swift */,
				34C2627822E2479800F79408 /* DetailRouter.swift */,
			);
			path = DetailModule;
			sourceTree = "<group>";
		};
		F20108FD262B2D7700BD2806 /* Fonts */ = {
			isa = PBXGroup;
			children = (
				F2010949262B2FC900BD2806 /* SF-Pro-Display-Black.otf */,
				F201093F262B2FC800BD2806 /* SF-Pro-Display-BlackItalic.otf */,
				F201093A262B2FC700BD2806 /* SF-Pro-Display-Bold.otf */,
				F2010941262B2FC800BD2806 /* SF-Pro-Display-BoldItalic.otf */,
				F201093C262B2FC700BD2806 /* SF-Pro-Display-Heavy.otf */,
				F2010948262B2FC900BD2806 /* SF-Pro-Display-HeavyItalic.otf */,
				F201093D262B2FC700BD2806 /* SF-Pro-Display-Light.otf */,
				F2010945262B2FC900BD2806 /* SF-Pro-Display-LightItalic.otf */,
				F2010947262B2FC900BD2806 /* SF-Pro-Display-Medium.otf */,
				F2010944262B2FC900BD2806 /* SF-Pro-Display-MediumItalic.otf */,
				F2010942262B2FC800BD2806 /* SF-Pro-Display-Regular.otf */,
				F201093E262B2FC800BD2806 /* SF-Pro-Display-RegularItalic.otf */,
				F201094A262B2FCA00BD2806 /* SF-Pro-Display-Semibold.otf */,
				F2010939262B2FC700BD2806 /* SF-Pro-Display-SemiboldItalic.otf */,
				F201093B262B2FC700BD2806 /* SF-Pro-Display-Thin.otf */,
				F2010943262B2FC800BD2806 /* SF-Pro-Display-ThinItalic.otf */,
				F2010940262B2FC800BD2806 /* SF-Pro-Display-Ultralight.otf */,
				F2010946262B2FC900BD2806 /* SF-Pro-Display-UltralightItalic.otf */,
				F20108FE262B2D7700BD2806 /* SF-Pro.ttf */,
				F20108FF262B2D7700BD2806 /* SF-Pro-Text-UltralightItalic.otf */,
				F2010900262B2D7700BD2806 /* SF-Pro-Text-Heavy.otf */,
				F2010901262B2D7700BD2806 /* SF-Pro-Text-MediumItalic.otf */,
				F2010902262B2D7700BD2806 /* SF-Pro-Text-Light.otf */,
				F2010903262B2D7700BD2806 /* SF-Pro-Text-BlackItalic.otf */,
				F2010904262B2D7700BD2806 /* SF-Pro-Text-Black.otf */,
				F2010905262B2D7700BD2806 /* SF-Pro-Text-Regular.otf */,
				F2010906262B2D7700BD2806 /* SF-Pro-Text-Ultralight.otf */,
				F2010907262B2D7700BD2806 /* SF-Pro-Text-Bold.otf */,
				F2010908262B2D7700BD2806 /* SF-Pro-Text-Thin.otf */,
				F2010909262B2D7700BD2806 /* SF-Pro-Text-ThinItalic.otf */,
				F201090A262B2D7700BD2806 /* SF-Pro-Text-BoldItalic.otf */,
				F201090B262B2D7700BD2806 /* SF-Pro-Text-RegularItalic.otf */,
				F201090C262B2D7700BD2806 /* SF-Pro-Text-Semibold.otf */,
				F201090D262B2D7700BD2806 /* SF-Pro-Text-HeavyItalic.otf */,
				F201090E262B2D7700BD2806 /* SF-Pro-Text-LightItalic.otf */,
				F201090F262B2D7700BD2806 /* SF-Pro-Text-Medium.otf */,
				F2010910262B2D7700BD2806 /* SF-Pro-Text-SemiboldItalic.otf */,
			);
			path = Fonts;
			sourceTree = "<group>";
		};
		F2C39E82262D604D00F15770 /* MainViewModule */ = {
			isa = PBXGroup;
			children = (
				F2C39E83262D604D00F15770 /* MainViewProtocols.swift */,
				F2C39E87262D604D00F15770 /* SpinneableProtocol.swift */,
				F2C39E84262D604D00F15770 /* Classes */,
				F2C39E88262D604D00F15770 /* MainViewController.swift */,
				F2C39E89262D604D00F15770 /* MainInteractor.swift */,
				F2C39E8A262D604D00F15770 /* MainPresenter.swift */,
				F2C39E8B262D604D00F15770 /* LocalStoragreDataManager.swift */,
				F2C39E8C262D604D00F15770 /* APIDataManager.swift */,
				F2C39E8D262D604D00F15770 /* Utils */,
				F2C39E8F262D604D00F15770 /* Models */,
				F2C39E92262D604D00F15770 /* Extensions */,
				F2C39E94262D604D00F15770 /* MainRouter.swift */,
				F2C39E95262D604D00F15770 /* Protocols */,
			);
			name = MainViewModule;
			path = DXCFilmFounder/MainViewModule;
			sourceTree = SOURCE_ROOT;
		};
		F2C39E84262D604D00F15770 /* Classes */ = {
			isa = PBXGroup;
			children = (
				F2C39E85262D604D00F15770 /* LoadingTableViewCell.swift */,
				F2C39E86262D604D00F15770 /* MovieTableViewCell.swift */,
			);
			path = Classes;
			sourceTree = "<group>";
		};
		F2C39E8D262D604D00F15770 /* Utils */ = {
			isa = PBXGroup;
			children = (
				F2C39E8E262D604D00F15770 /* Utils.swift */,
			);
			path = Utils;
			sourceTree = "<group>";
		};
		F2C39E8F262D604D00F15770 /* Models */ = {
			isa = PBXGroup;
			children = (
				F2C39E90262D604D00F15770 /* MovieModel.swift */,
				F2C39E91262D604D00F15770 /* ResultsModel.swift */,
			);
			path = Models;
			sourceTree = "<group>";
		};
		F2C39E92262D604D00F15770 /* Extensions */ = {
			isa = PBXGroup;
			children = (
				F2C39E93262D604D00F15770 /* URLSession+Extensions.swift */,
			);
			path = Extensions;
			sourceTree = "<group>";
		};
		F2C39E95262D604D00F15770 /* Protocols */ = {
			isa = PBXGroup;
			children = (
			);
			path = Protocols;
			sourceTree = "<group>";
		};
/* End PBXGroup section */

/* Begin PBXNativeTarget section */
		34C2624B22E1DF7500F79408 /* DXCFilmFounder */ = {
			isa = PBXNativeTarget;
			buildConfigurationList = 34C2625E22E1DF7700F79408 /* Build configuration list for PBXNativeTarget "DXCFilmFounder" */;
			buildPhases = (
				34C2624822E1DF7500F79408 /* Sources */,
				34C2624922E1DF7500F79408 /* Frameworks */,
				34C2624A22E1DF7500F79408 /* Resources */,
			);
			buildRules = (
			);
			dependencies = (
			);
			name = DXCFilmFounder;
			productName = DXCFilmFounder;
			productReference = 34C2624C22E1DF7500F79408 /* DXCFilmFounder.app */;
			productType = "com.apple.product-type.application";
		};
/* End PBXNativeTarget section */

/* Begin PBXProject section */
		34C2624422E1DF7500F79408 /* Project object */ = {
			isa = PBXProject;
			attributes = {
				LastSwiftUpdateCheck = 1020;
				LastUpgradeCheck = 1020;
				ORGANIZATIONNAME = "Lynx Developers";
				TargetAttributes = {
					34C2624B22E1DF7500F79408 = {
						CreatedOnToolsVersion = 10.2.1;
					};
				};
			};
			buildConfigurationList = 34C2624722E1DF7500F79408 /* Build configuration list for PBXProject "DXCFilmFounder" */;
			compatibilityVersion = "Xcode 9.3";
			developmentRegion = en;
			hasScannedForEncodings = 0;
			knownRegions = (
				en,
				Base,
			);
			mainGroup = 34C2624322E1DF7500F79408;
			productRefGroup = 34C2624D22E1DF7500F79408 /* Products */;
			projectDirPath = "";
			projectRoot = "";
			targets = (
				34C2624B22E1DF7500F79408 /* DXCFilmFounder */,
			);
		};
/* End PBXProject section */

/* Begin PBXResourcesBuildPhase section */
		34C2624A22E1DF7500F79408 /* Resources */ = {
			isa = PBXResourcesBuildPhase;
			buildActionMask = 2147483647;
			files = (
				F2010918262B2D7700BD2806 /* SF-Pro-Text-Regular.otf in Resources */,
				34C2625A22E1DF7700F79408 /* LaunchScreen.storyboard in Resources */,
				F2010914262B2D7700BD2806 /* SF-Pro-Text-MediumItalic.otf in Resources */,
				F2010915262B2D7700BD2806 /* SF-Pro-Text-Light.otf in Resources */,
				F201091E262B2D7700BD2806 /* SF-Pro-Text-RegularItalic.otf in Resources */,
				F2010922262B2D7700BD2806 /* SF-Pro-Text-Medium.otf in Resources */,
				F201091C262B2D7700BD2806 /* SF-Pro-Text-ThinItalic.otf in Resources */,
				F201091F262B2D7700BD2806 /* SF-Pro-Text-Semibold.otf in Resources */,
				F2010923262B2D7700BD2806 /* SF-Pro-Text-SemiboldItalic.otf in Resources */,
				F2010913262B2D7700BD2806 /* SF-Pro-Text-Heavy.otf in Resources */,
				F2010911262B2D7700BD2806 /* SF-Pro.ttf in Resources */,
				F2010920262B2D7700BD2806 /* SF-Pro-Text-HeavyItalic.otf in Resources */,
				F2010921262B2D7700BD2806 /* SF-Pro-Text-LightItalic.otf in Resources */,
				F2010912262B2D7700BD2806 /* SF-Pro-Text-UltralightItalic.otf in Resources */,
				F201091A262B2D7700BD2806 /* SF-Pro-Text-Bold.otf in Resources */,
				F2010919262B2D7700BD2806 /* SF-Pro-Text-Ultralight.otf in Resources */,
				F2010916262B2D7700BD2806 /* SF-Pro-Text-BlackItalic.otf in Resources */,
				34C2625722E1DF7700F79408 /* Assets.xcassets in Resources */,
				34C2625522E1DF7500F79408 /* Main.storyboard in Resources */,
				F201091B262B2D7700BD2806 /* SF-Pro-Text-Thin.otf in Resources */,
				F201091D262B2D7700BD2806 /* SF-Pro-Text-BoldItalic.otf in Resources */,
				F2010917262B2D7700BD2806 /* SF-Pro-Text-Black.otf in Resources */,
			);
			runOnlyForDeploymentPostprocessing = 0;
		};
/* End PBXResourcesBuildPhase section */

/* Begin PBXSourcesBuildPhase section */
		34C2624822E1DF7500F79408 /* Sources */ = {
			isa = PBXSourcesBuildPhase;
			buildActionMask = 2147483647;
			files = (
				F2C39EA0262D604D00F15770 /* MovieModel.swift in Sources */,
				34C2627B22E2496700F79408 /* DetailViewController.swift in Sources */,
				34C2627522E2477100F79408 /* DetailProtocols.swift in Sources */,
				F2C39EA2262D604D00F15770 /* URLSession+Extensions.swift in Sources */,
				F2C39E99262D604D00F15770 /* SpinneableProtocol.swift in Sources */,
				F2C39E96262D604D00F15770 /* MainViewProtocols.swift in Sources */,
				F2C39E98262D604D00F15770 /* MovieTableViewCell.swift in Sources */,
				34C2627922E2479800F79408 /* DetailRouter.swift in Sources */,
				34C2627E22E24D5B00F79408 /* DetailPresenter.swift in Sources */,
				34C2627722E2478200F79408 /* DetailInteractor.swift in Sources */,
				F2C39EA3262D604D00F15770 /* MainRouter.swift in Sources */,
				F2C39E9E262D604D00F15770 /* APIDataManager.swift in Sources */,
				F2C39E97262D604D00F15770 /* LoadingTableViewCell.swift in Sources */,
				34C2625022E1DF7500F79408 /* AppDelegate.swift in Sources */,
				F2C39E9B262D604D00F15770 /* MainInteractor.swift in Sources */,
				F2C39EA1262D604D00F15770 /* ResultsModel.swift in Sources */,
				F2C39E9F262D604D00F15770 /* Utils.swift in Sources */,
				F2010957262C8DDC00BD2806 /* DataController.swift in Sources */,
				F2C39E9D262D604D00F15770 /* LocalStoragreDataManager.swift in Sources */,
				F2C39E9A262D604D00F15770 /* MainViewController.swift in Sources */,
				F2C39E9C262D604D00F15770 /* MainPresenter.swift in Sources */,
				F2010966262CB0A700BD2806 /* MoviesStorage.xcdatamodeld in Sources */,
			);
			runOnlyForDeploymentPostprocessing = 0;
		};
/* End PBXSourcesBuildPhase section */

/* Begin PBXVariantGroup section */
		34C2625322E1DF7500F79408 /* Main.storyboard */ = {
			isa = PBXVariantGroup;
			children = (
				34C2625422E1DF7500F79408 /* Base */,
			);
			name = Main.storyboard;
			sourceTree = "<group>";
		};
		34C2625822E1DF7700F79408 /* LaunchScreen.storyboard */ = {
			isa = PBXVariantGroup;
			children = (
				34C2625922E1DF7700F79408 /* Base */,
			);
			name = LaunchScreen.storyboard;
			sourceTree = "<group>";
		};
/* End PBXVariantGroup section */

/* Begin XCBuildConfiguration section */
		34C2625C22E1DF7700F79408 /* Debug */ = {
			isa = XCBuildConfiguration;
			buildSettings = {
				ALWAYS_SEARCH_USER_PATHS = NO;
				CLANG_ANALYZER_NONNULL = YES;
				CLANG_ANALYZER_NUMBER_OBJECT_CONVERSION = YES_AGGRESSIVE;
				CLANG_CXX_LANGUAGE_STANDARD = "gnu++14";
				CLANG_CXX_LIBRARY = "libc++";
				CLANG_ENABLE_MODULES = YES;
				CLANG_ENABLE_OBJC_ARC = YES;
				CLANG_ENABLE_OBJC_WEAK = YES;
				CLANG_WARN_BLOCK_CAPTURE_AUTORELEASING = YES;
				CLANG_WARN_BOOL_CONVERSION = YES;
				CLANG_WARN_COMMA = YES;
				CLANG_WARN_CONSTANT_CONVERSION = YES;
				CLANG_WARN_DEPRECATED_OBJC_IMPLEMENTATIONS = YES;
				CLANG_WARN_DIRECT_OBJC_ISA_USAGE = YES_ERROR;
				CLANG_WARN_DOCUMENTATION_COMMENTS = YES;
				CLANG_WARN_EMPTY_BODY = YES;
				CLANG_WARN_ENUM_CONVERSION = YES;
				CLANG_WARN_INFINITE_RECURSION = YES;
				CLANG_WARN_INT_CONVERSION = YES;
				CLANG_WARN_NON_LITERAL_NULL_CONVERSION = YES;
				CLANG_WARN_OBJC_IMPLICIT_RETAIN_SELF = YES;
				CLANG_WARN_OBJC_LITERAL_CONVERSION = YES;
				CLANG_WARN_OBJC_ROOT_CLASS = YES_ERROR;
				CLANG_WARN_RANGE_LOOP_ANALYSIS = YES;
				CLANG_WARN_STRICT_PROTOTYPES = YES;
				CLANG_WARN_SUSPICIOUS_MOVE = YES;
				CLANG_WARN_UNGUARDED_AVAILABILITY = YES_AGGRESSIVE;
				CLANG_WARN_UNREACHABLE_CODE = YES;
				CLANG_WARN__DUPLICATE_METHOD_MATCH = YES;
				CODE_SIGN_IDENTITY = "iPhone Developer";
				COPY_PHASE_STRIP = NO;
				DEBUG_INFORMATION_FORMAT = dwarf;
				ENABLE_STRICT_OBJC_MSGSEND = YES;
				ENABLE_TESTABILITY = YES;
				GCC_C_LANGUAGE_STANDARD = gnu11;
				GCC_DYNAMIC_NO_PIC = NO;
				GCC_NO_COMMON_BLOCKS = YES;
				GCC_OPTIMIZATION_LEVEL = 0;
				GCC_PREPROCESSOR_DEFINITIONS = (
					"DEBUG=1",
					"$(inherited)",
				);
				GCC_WARN_64_TO_32_BIT_CONVERSION = YES;
				GCC_WARN_ABOUT_RETURN_TYPE = YES_ERROR;
				GCC_WARN_UNDECLARED_SELECTOR = YES;
				GCC_WARN_UNINITIALIZED_AUTOS = YES_AGGRESSIVE;
				GCC_WARN_UNUSED_FUNCTION = YES;
				GCC_WARN_UNUSED_VARIABLE = YES;
				IPHONEOS_DEPLOYMENT_TARGET = 12.2;
				MTL_ENABLE_DEBUG_INFO = INCLUDE_SOURCE;
				MTL_FAST_MATH = YES;
				ONLY_ACTIVE_ARCH = YES;
				SDKROOT = iphoneos;
				SWIFT_ACTIVE_COMPILATION_CONDITIONS = DEBUG;
				SWIFT_OPTIMIZATION_LEVEL = "-Onone";
			};
			name = Debug;
		};
		34C2625D22E1DF7700F79408 /* Release */ = {
			isa = XCBuildConfiguration;
			buildSettings = {
				ALWAYS_SEARCH_USER_PATHS = NO;
				CLANG_ANALYZER_NONNULL = YES;
				CLANG_ANALYZER_NUMBER_OBJECT_CONVERSION = YES_AGGRESSIVE;
				CLANG_CXX_LANGUAGE_STANDARD = "gnu++14";
				CLANG_CXX_LIBRARY = "libc++";
				CLANG_ENABLE_MODULES = YES;
				CLANG_ENABLE_OBJC_ARC = YES;
				CLANG_ENABLE_OBJC_WEAK = YES;
				CLANG_WARN_BLOCK_CAPTURE_AUTORELEASING = YES;
				CLANG_WARN_BOOL_CONVERSION = YES;
				CLANG_WARN_COMMA = YES;
				CLANG_WARN_CONSTANT_CONVERSION = YES;
				CLANG_WARN_DEPRECATED_OBJC_IMPLEMENTATIONS = YES;
				CLANG_WARN_DIRECT_OBJC_ISA_USAGE = YES_ERROR;
				CLANG_WARN_DOCUMENTATION_COMMENTS = YES;
				CLANG_WARN_EMPTY_BODY = YES;
				CLANG_WARN_ENUM_CONVERSION = YES;
				CLANG_WARN_INFINITE_RECURSION = YES;
				CLANG_WARN_INT_CONVERSION = YES;
				CLANG_WARN_NON_LITERAL_NULL_CONVERSION = YES;
				CLANG_WARN_OBJC_IMPLICIT_RETAIN_SELF = YES;
				CLANG_WARN_OBJC_LITERAL_CONVERSION = YES;
				CLANG_WARN_OBJC_ROOT_CLASS = YES_ERROR;
				CLANG_WARN_RANGE_LOOP_ANALYSIS = YES;
				CLANG_WARN_STRICT_PROTOTYPES = YES;
				CLANG_WARN_SUSPICIOUS_MOVE = YES;
				CLANG_WARN_UNGUARDED_AVAILABILITY = YES_AGGRESSIVE;
				CLANG_WARN_UNREACHABLE_CODE = YES;
				CLANG_WARN__DUPLICATE_METHOD_MATCH = YES;
				CODE_SIGN_IDENTITY = "iPhone Developer";
				COPY_PHASE_STRIP = NO;
				DEBUG_INFORMATION_FORMAT = "dwarf-with-dsym";
				ENABLE_NS_ASSERTIONS = NO;
				ENABLE_STRICT_OBJC_MSGSEND = YES;
				GCC_C_LANGUAGE_STANDARD = gnu11;
				GCC_NO_COMMON_BLOCKS = YES;
				GCC_WARN_64_TO_32_BIT_CONVERSION = YES;
				GCC_WARN_ABOUT_RETURN_TYPE = YES_ERROR;
				GCC_WARN_UNDECLARED_SELECTOR = YES;
				GCC_WARN_UNINITIALIZED_AUTOS = YES_AGGRESSIVE;
				GCC_WARN_UNUSED_FUNCTION = YES;
				GCC_WARN_UNUSED_VARIABLE = YES;
				IPHONEOS_DEPLOYMENT_TARGET = 12.2;
				MTL_ENABLE_DEBUG_INFO = NO;
				MTL_FAST_MATH = YES;
				SDKROOT = iphoneos;
				SWIFT_COMPILATION_MODE = wholemodule;
				SWIFT_OPTIMIZATION_LEVEL = "-O";
				VALIDATE_PRODUCT = YES;
			};
			name = Release;
		};
		34C2625F22E1DF7700F79408 /* Debug */ = {
			isa = XCBuildConfiguration;
			buildSettings = {
				ASSETCATALOG_COMPILER_APPICON_NAME = AppIcon;
				CODE_SIGN_STYLE = Automatic;
				DEVELOPMENT_TEAM = A24EY6XQJ9;
				INFOPLIST_FILE = DXCFilmFounder/Info.plist;
				LD_RUNPATH_SEARCH_PATHS = (
					"$(inherited)",
					"@executable_path/Frameworks",
				);
				PRODUCT_BUNDLE_IDENTIFIER = info.educalero.DXCFilmFounder;
				PRODUCT_NAME = "$(TARGET_NAME)";
				SWIFT_VERSION = 5.0;
				TARGETED_DEVICE_FAMILY = "1,2";
			};
			name = Debug;
		};
		34C2626022E1DF7700F79408 /* Release */ = {
			isa = XCBuildConfiguration;
			buildSettings = {
				ASSETCATALOG_COMPILER_APPICON_NAME = AppIcon;
				CODE_SIGN_STYLE = Automatic;
				DEVELOPMENT_TEAM = A24EY6XQJ9;
				INFOPLIST_FILE = DXCFilmFounder/Info.plist;
				LD_RUNPATH_SEARCH_PATHS = (
					"$(inherited)",
					"@executable_path/Frameworks",
				);
				PRODUCT_BUNDLE_IDENTIFIER = info.educalero.DXCFilmFounder;
				PRODUCT_NAME = "$(TARGET_NAME)";
				SWIFT_VERSION = 5.0;
				TARGETED_DEVICE_FAMILY = "1,2";
			};
			name = Release;
		};
/* End XCBuildConfiguration section */

/* Begin XCConfigurationList section */
		34C2624722E1DF7500F79408 /* Build configuration list for PBXProject "DXCFilmFounder" */ = {
			isa = XCConfigurationList;
			buildConfigurations = (
				34C2625C22E1DF7700F79408 /* Debug */,
				34C2625D22E1DF7700F79408 /* Release */,
			);
			defaultConfigurationIsVisible = 0;
			defaultConfigurationName = Release;
		};
		34C2625E22E1DF7700F79408 /* Build configuration list for PBXNativeTarget "DXCFilmFounder" */ = {
			isa = XCConfigurationList;
			buildConfigurations = (
				34C2625F22E1DF7700F79408 /* Debug */,
				34C2626022E1DF7700F79408 /* Release */,
			);
			defaultConfigurationIsVisible = 0;
			defaultConfigurationName = Release;
		};
/* End XCConfigurationList section */

/* Begin XCVersionGroup section */
		F2010964262CB0A700BD2806 /* MoviesStorage.xcdatamodeld */ = {
			isa = XCVersionGroup;
			children = (
				F2010965262CB0A700BD2806 /* MoviesStorage.xcdatamodel */,
			);
			currentVersion = F2010965262CB0A700BD2806 /* MoviesStorage.xcdatamodel */;
			path = MoviesStorage.xcdatamodeld;
			sourceTree = "<group>";
			versionGroupType = wrapper.xcdatamodel;
		};
/* End XCVersionGroup section */
	};
	rootObject = 34C2624422E1DF7500F79408 /* Project object */;
}
